
Microsoft Visual Studio Solution File, Format Version 12.00
# Visual Studio Version 16
VisualStudioVersion = 16.0.31702.278
MinimumVisualStudioVersion = 10.0.40219.1
Project("{FAE04EC0-301F-11D3-BF4B-00C04F79EFBC}") = "ApiCatalogosJogos", "ApiCatalogosJogos\ApiCatalogosJogos.csproj", "{D7CAC2EA-7373-4595-B383-460CE184BC5A}"
EndProject
Global
	GlobalSection(SolutionConfigurationPlatforms) = preSolution
		Debug|Any CPU = Debug|Any CPU
		Release|Any CPU = Release|Any CPU
	EndGlobalSection
	GlobalSection(ProjectConfigurationPlatforms) = postSolution
		{D7CAC2EA-7373-4595-B383-460CE184BC5A}.Debug|Any CPU.ActiveCfg = Debug|Any CPU
		{D7CAC2EA-7373-4595-B383-460CE184BC5A}.Debug|Any CPU.Build.0 = Debug|Any CPU
		{D7CAC2EA-7373-4595-B383-460CE184BC5A}.Release|Any CPU.ActiveCfg = Release|Any CPU
		{D7CAC2EA-7373-4595-B383-460CE184BC5A}.Release|Any CPU.Build.0 = Release|Any CPU
	EndGlobalSection
	GlobalSection(SolutionProperties) = preSolution
		HideSolutionNode = FALSE
	EndGlobalSection
	GlobalSection(ExtensibilityGlobals) = postSolution
		SolutionGuid = {F8BF56F9-90D6-4F69-A4CC-29A685F02B97}
	EndGlobalSection
EndGlobal
